
Microsoft Visual Studio Solution File, Format Version 12.00
# Visual Studio 14
VisualStudioVersion = 14.0.25420.1
MinimumVisualStudioVersion = 10.0.40219.1
Project("{FAE04EC0-301F-11D3-BF4B-00C04F79EFBC}") = "IBTrader", "IBTrader\IBTrader.csproj", "{6FC5B232-2713-4742-8924-6A0190BC4A80}"
EndProject
Project("{FAE04EC0-301F-11D3-BF4B-00C04F79EFBC}") = "CSharpAPI", "client\CSharpAPI.csproj", "{8EDE0744-96C2-40B0-A8DC-37DF79370203}"
EndProject
Global
	GlobalSection(SolutionConfigurationPlatforms) = preSolution
		Debug|Any CPU = Debug|Any CPU
		Release|Any CPU = Release|Any CPU
	EndGlobalSection
	GlobalSection(ProjectConfigurationPlatforms) = postSolution
		{6FC5B232-2713-4742-8924-6A0190BC4A80}.Debug|Any CPU.ActiveCfg = Debug|Any CPU
		{6FC5B232-2713-4742-8924-6A0190BC4A80}.Debug|Any CPU.Build.0 = Debug|Any CPU
		{6FC5B232-2713-4742-8924-6A0190BC4A80}.Release|Any CPU.ActiveCfg = Release|Any CPU
		{6FC5B232-2713-4742-8924-6A0190BC4A80}.Release|Any CPU.Build.0 = Release|Any CPU
		{8EDE0744-96C2-40B0-A8DC-37DF79370203}.Debug|Any CPU.ActiveCfg = Debug|Any CPU
		{8EDE0744-96C2-40B0-A8DC-37DF79370203}.Debug|Any CPU.Build.0 = Debug|Any CPU
		{8EDE0744-96C2-40B0-A8DC-37DF79370203}.Release|Any CPU.ActiveCfg = Release|Any CPU
		{8EDE0744-96C2-40B0-A8DC-37DF79370203}.Release|Any CPU.Build.0 = Release|Any CPU
	EndGlobalSection
	GlobalSection(SolutionProperties) = preSolution
		HideSolutionNode = FALSE
	EndGlobalSection
EndGlobal
